
Microsoft Visual Studio Solution File, Format Version 12.00
# Visual Studio 2013
VisualStudioVersion = 12.0.21005.1
MinimumVisualStudioVersion = 10.0.40219.1
Project("{FAE04EC0-301F-11D3-BF4B-00C04F79EFBC}") = "LinQ", "LinQ\LinQ.csproj", "{2A48245D-647D-402C-9AD6-0EB6C73DC31D}"
EndProject
Project("{FAE04EC0-301F-11D3-BF4B-00C04F79EFBC}") = "TestLinQ", "TestLinQ\TestLinQ.csproj", "{29425A00-399C-4DAE-8741-0E56C3A15243}"
EndProject
Global
	GlobalSection(SolutionConfigurationPlatforms) = preSolution
		Debug|Any CPU = Debug|Any CPU
		Release|Any CPU = Release|Any CPU
	EndGlobalSection
	GlobalSection(ProjectConfigurationPlatforms) = postSolution
		{2A48245D-647D-402C-9AD6-0EB6C73DC31D}.Debug|Any CPU.ActiveCfg = Debug|Any CPU
		{2A48245D-647D-402C-9AD6-0EB6C73DC31D}.Debug|Any CPU.Build.0 = Debug|Any CPU
		{2A48245D-647D-402C-9AD6-0EB6C73DC31D}.Release|Any CPU.ActiveCfg = Release|Any CPU
		{2A48245D-647D-402C-9AD6-0EB6C73DC31D}.Release|Any CPU.Build.0 = Release|Any CPU
		{29425A00-399C-4DAE-8741-0E56C3A15243}.Debug|Any CPU.ActiveCfg = Debug|Any CPU
		{29425A00-399C-4DAE-8741-0E56C3A15243}.Debug|Any CPU.Build.0 = Debug|Any CPU
		{29425A00-399C-4DAE-8741-0E56C3A15243}.Release|Any CPU.ActiveCfg = Release|Any CPU
		{29425A00-399C-4DAE-8741-0E56C3A15243}.Release|Any CPU.Build.0 = Release|Any CPU
	EndGlobalSection
	GlobalSection(SolutionProperties) = preSolution
		HideSolutionNode = FALSE
	EndGlobalSection
EndGlobal
